<?xml version="1.0" encoding="utf-8"?>
<Project ToolsVersion="4.0" xmlns="http://schemas.microsoft.com/developer/msbuild/2003">
  <ItemGroup>
    <Filter Include="Source Files">
      <UniqueIdentifier>{4FC737F1-C7A5-4376-A066-2A32D752A2FF}</UniqueIdentifier>
      <Extensions>cpp;c;cc;cxx;def;odl;idl;hpj;bat;asm;asmx</Extensions>
    </Filter>
    <Filter Include="Header Files">
      <UniqueIdentifier>{93995380-89BD-4b04-88EB-625FBE52EBFB}</UniqueIdentifier>
      <Extensions>h;hh;hpp;hxx;hm;inl;inc;xsd</Extensions>
    </Filter>
    <Filter Include="Resource Files">
      <UniqueIdentifier>{67DA6AB6-F800-4c08-8B7A-83BB121AAD01}</UniqueIdentifier>
      <Extensions>rc;ico;cur;bmp;dlg;rc2;rct;bin;rgs;gif;jpg;jpeg;jpe;resx;tiff;tif;png;wav;mfcribbon-ms</Extensions>
    </Filter>
    <Filter Include="Form Files">
      <UniqueIdentifier>{99349809-55BA-4b9d-BF79-8FDBB0286EB3}</UniqueIdentifier>
      <Extensions>ui</Extensions>
    </Filter>
    <Filter Include="Resource Files">
      <UniqueIdentifier>{D9D6E242-F8AF-46E4-B9FD-80ECBC20BA3E}</UniqueIdentifier>
      <Extensions>qrc;*</Extensions>
      <ParseFiles>false</ParseFiles>
    </Filter>
  </ItemGroup>
  <ItemGroup>
    <QtUic Include="CutPixmap.ui">
      <Filter>Resource Files</Filter>
    </QtUic>
    <QtMoc Include="CutPixmap.h">
      <Filter>Header Files</Filter>
    </QtMoc>
    <ClCompile Include="CutPixmap.cpp">
      <Filter>Source Files</Filter>
    </ClCompile>
  </ItemGroup>
  <ItemGroup>
    <ClCompile Include="main.cpp">
      <Filter>Source Files</Filter>
    </ClCompile>
    <ClCompile Include="QShowDesk.cpp">
      <Filter>Source Files</Filter>
    </ClCompile>
    <ClCompile Include="MyToolBar.cpp">
      <Filter>Source Files</Filter>
    </ClCompile>
    <ClCompile Include="TransToolBar.cpp">
      <Filter>Source Files</Filter>
    </ClCompile>
    <ClCompile Include="QLayer.cpp">
      <Filter>Source Files</Filter>
    </ClCompile>
    <ClCompile Include="QShapeToolBar.cpp">
      <Filter>Source Files</Filter>
    </ClCompile>
    <ClCompile Include="MyGraphicsView.cpp">
      <Filter>Source Files</Filter>
    </ClCompile>
    <ClCompile Include="QDockToolbar.cpp">
      <Filter>Source Files</Filter>
    </ClCompile>
    <ClCompile Include="QDrawToolBar.cpp">
      <Filter>Source Files</Filter>
    </ClCompile>
    <ClCompile Include="MyColorDialog.cpp">
      <Filter>Source Files</Filter>
    </ClCompile>
    <ClCompile Include="QCurve.cpp">
      <Filter>Source Files</Filter>
    </ClCompile>
    <ClCompile Include="QStraightLine.cpp">
      <Filter>Source Files</Filter>
    </ClCompile>
    <ClCompile Include="QRectDraw.cpp">
      <Filter>Source Files</Filter>
    </ClCompile>
    <ClCompile Include="QRoundRect.cpp">
      <Filter>Source Files</Filter>
    </ClCompile>
    <ClCompile Include="MyCombox.cpp">
      <Filter>Source Files</Filter>
    </ClCompile>
    <ClCompile Include="QEllipse.cpp">
      <Filter>Source Files</Filter>
    </ClCompile>
    <ClCompile Include="MyShowDrawWidget.cpp">
      <Filter>Source Files</Filter>
    </ClCompile>
    <ClCompile Include="QText.cpp">
      <Filter>Source Files</Filter>
    </ClCompile>
    <ClCompile Include="MyPlaintText.cpp">
      <Filter>Source Files</Filter>
    </ClCompile>
    <ClCompile Include="MyFontDialog.cpp">
      <Filter>Source Files</Filter>
    </ClCompile>
  </ItemGroup>
  <ItemGroup>
    <QtRcc Include="CutPixmap.qrc" />
  </ItemGroup>
  <ItemGroup>
    <QtMoc Include="QShowDesk.h">
      <Filter>Header Files</Filter>
    </QtMoc>
    <QtMoc Include="MyToolBar.h">
      <Filter>Header Files</Filter>
    </QtMoc>
    <QtMoc Include="TransToolBar.h">
      <Filter>Header Files</Filter>
    </QtMoc>
    <QtMoc Include="QShapeToolBar.h">
      <Filter>Header Files</Filter>
    </QtMoc>
    <QtMoc Include="MyGraphicsView.h">
      <Filter>Header Files</Filter>
    </QtMoc>
    <QtMoc Include="QDockToolbar.h">
      <Filter>Header Files</Filter>
    </QtMoc>
    <QtMoc Include="QDrawToolBar.h">
      <Filter>Header Files</Filter>
    </QtMoc>
    <QtMoc Include="MyColorDialog.h">
      <Filter>Header Files</Filter>
    </QtMoc>
    <QtMoc Include="MyCombox.h">
      <Filter>Header Files</Filter>
    </QtMoc>
    <QtMoc Include="MyShowDrawWidget.h">
      <Filter>Header Files</Filter>
    </QtMoc>
    <QtMoc Include="MyPlaintText.h">
      <Filter>Header Files</Filter>
    </QtMoc>
    <QtMoc Include="MyFontDialog.h">
      <Filter>Header Files</Filter>
    </QtMoc>
  </ItemGroup>
  <ItemGroup>
    <ClInclude Include="QLayer.h">
      <Filter>Header Files</Filter>
    </ClInclude>
    <ClInclude Include="QCurve.h">
      <Filter>Header Files</Filter>
    </ClInclude>
    <ClInclude Include="QStraightLine.h">
      <Filter>Header Files</Filter>
    </ClInclude>
    <ClInclude Include="QRectDraw.h">
      <Filter>Header Files</Filter>
    </ClInclude>
    <ClInclude Include="QRoundRect.h">
      <Filter>Header Files</Filter>
    </ClInclude>
    <ClInclude Include="QEllipse.h">
      <Filter>Header Files</Filter>
    </ClInclude>
    <ClInclude Include="resource.h">
      <Filter>Header Files</Filter>
    </ClInclude>
    <ClInclude Include="QText.h">
      <Filter>Header Files</Filter>
    </ClInclude>
  </ItemGroup>
  <ItemGroup>
    <ResourceCompile Include="CutPixmap.rc">
      <Filter>Resource Files</Filter>
    </ResourceCompile>
  </ItemGroup>
  <ItemGroup>
    <Image Include="Resources\color_palette.png">
      <Filter>Resource Files</Filter>
    </Image>
    <Image Include="Resources\color_palette.ico">
      <Filter>Resource Files</Filter>
    </Image>
  </ItemGroup>
</Project>